
Microsoft Visual Studio Solution File, Format Version 12.00
# Visual Studio Version 16
VisualStudioVersion = 16.0.31424.327
MinimumVisualStudioVersion = 10.0.40219.1
Project("{FAE04EC0-301F-11D3-BF4B-00C04F79EFBC}") = "ColorGameC", "ColorGameC\ColorGameC.csproj", "{9B437B10-829B-4444-A309-876E8006FD52}"
EndProject
Project("{FAE04EC0-301F-11D3-BF4B-00C04F79EFBC}") = "ColorGameCore", "ColorGameCore\ColorGameCore.csproj", "{47FD6585-99EF-45BE-AEEA-FEE5F2F647C8}"
EndProject
Global
	GlobalSection(SolutionConfigurationPlatforms) = preSolution
		Debug|Any CPU = Debug|Any CPU
		Release|Any CPU = Release|Any CPU
	EndGlobalSection
	GlobalSection(ProjectConfigurationPlatforms) = postSolution
		{9B437B10-829B-4444-A309-876E8006FD52}.Debug|Any CPU.ActiveCfg = Debug|Any CPU
		{9B437B10-829B-4444-A309-876E8006FD52}.Debug|Any CPU.Build.0 = Debug|Any CPU
		{9B437B10-829B-4444-A309-876E8006FD52}.Release|Any CPU.ActiveCfg = Release|Any CPU
		{9B437B10-829B-4444-A309-876E8006FD52}.Release|Any CPU.Build.0 = Release|Any CPU
		{47FD6585-99EF-45BE-AEEA-FEE5F2F647C8}.Debug|Any CPU.ActiveCfg = Debug|Any CPU
		{47FD6585-99EF-45BE-AEEA-FEE5F2F647C8}.Debug|Any CPU.Build.0 = Debug|Any CPU
		{47FD6585-99EF-45BE-AEEA-FEE5F2F647C8}.Release|Any CPU.ActiveCfg = Release|Any CPU
		{47FD6585-99EF-45BE-AEEA-FEE5F2F647C8}.Release|Any CPU.Build.0 = Release|Any CPU
	EndGlobalSection
	GlobalSection(SolutionProperties) = preSolution
		HideSolutionNode = FALSE
	EndGlobalSection
	GlobalSection(ExtensibilityGlobals) = postSolution
		SolutionGuid = {87C6DC9A-9552-4EE7-A392-84D1423B6BED}
	EndGlobalSection
EndGlobal
